{
  "name": "gifmaker",
  "version": "1.0.0",
  "lockfileVersion": 3,
  "requires": true,
  "packages": {
    "": {
      "name": "gifmaker",
      "version": "1.0.0",
      "license": "ISC",
      "dependencies": {
        "gifshot": "^0.4.5"
      }
    },
    "node_modules/gifshot": {
      "version": "0.4.5",
      "resolved": "https://registry.npmjs.org/gifshot/-/gifshot-0.4.5.tgz",
      "integrity": "sha512-oaOTT7patjxFFv7ptR0R0NNhqy3ZAmcLUQCjM/sTsvsQaUAlB2fHirLajcNAKJ6ufoVhdP+ZkXYvmUycHP1FNg=="
    }
  }
}
